
Microsoft Visual Studio Solution File, Format Version 12.00
# Visual Studio 15
VisualStudioVersion = 15.0.27428.2037
MinimumVisualStudioVersion = 10.0.40219.1
Project("{FAE04EC0-301F-11D3-BF4B-00C04F79EFBC}") = "Azurlane-LuaHelper", "Azurlane-LuaHelper\Azurlane-LuaHelper.csproj", "{AE989EF6-F6F4-4023-AE31-ED50B03F79F5}"
EndProject
Global
	GlobalSection(SolutionConfigurationPlatforms) = preSolution
		Debug|Any CPU = Debug|Any CPU
		Release|Any CPU = Release|Any CPU
	EndGlobalSection
	GlobalSection(ProjectConfigurationPlatforms) = postSolution
		{AE989EF6-F6F4-4023-AE31-ED50B03F79F5}.Debug|Any CPU.ActiveCfg = Debug|Any CPU
		{AE989EF6-F6F4-4023-AE31-ED50B03F79F5}.Debug|Any CPU.Build.0 = Debug|Any CPU
		{AE989EF6-F6F4-4023-AE31-ED50B03F79F5}.Release|Any CPU.ActiveCfg = Release|Any CPU
		{AE989EF6-F6F4-4023-AE31-ED50B03F79F5}.Release|Any CPU.Build.0 = Release|Any CPU
	EndGlobalSection
	GlobalSection(SolutionProperties) = preSolution
		HideSolutionNode = FALSE
	EndGlobalSection
	GlobalSection(ExtensibilityGlobals) = postSolution
		SolutionGuid = {D01DEFFA-A8DC-48E4-AF15-F673545A860C}
	EndGlobalSection
EndGlobal
